{
  "name": "camera-slint",
  "lockfileVersion": 3,
  "requires": true,
  "packages": {
    "": {
      "name": "camera-slint",
      "dependencies": {
        "nokhwa-node": "^0.1.6",
        "pngjs": "^7.0.0",
        "slint-ui": "^1.15.0-nightly.2026012717"
      },
      "devDependencies": {
        "@types/bun": "latest",
        "@types/pngjs": "^6.0.5"
      },
      "peerDependencies": {
        "typescript": "^5"
      }
    },
    "node_modules/@napi-rs/cli": {
      "version": "2.18.4",
      "license": "MIT",
      "bin": {
        "napi": "scripts/index.js"
      },
      "engines": {
        "node": ">= 10"
      },
      "funding": {
        "type": "github",
        "url": "https://github.com/sponsors/Brooooooklyn"
      }
    },
    "node_modules/@slint-ui/slint-ui-binary-darwin-arm64": {
      "version": "1.15.0-nightly.2026012717",
      "resolved": "https://registry.npmjs.org/@slint-ui/slint-ui-binary-darwin-arm64/-/slint-ui-binary-darwin-arm64-1.15.0-nightly.2026012717.tgz",
      "integrity": "sha512-zTnBwrcX24r8rhjNT8GqAZcEgKCZNwSkgOhn2fQYrLQdOSOh13BT33IDEqbHQUBcnf6tihj2eFgUVTyBciI6vg==",
      "cpu": [
        "arm64"
      ],
      "optional": true,
      "os": [
        "darwin"
      ]
    },
    "node_modules/@slint-ui/slint-ui-binary-linux-arm64-gnu": {
      "version": "1.15.0-nightly.2026012717",
      "resolved": "https://registry.npmjs.org/@slint-ui/slint-ui-binary-linux-arm64-gnu/-/slint-ui-binary-linux-arm64-gnu-1.15.0-nightly.2026012717.tgz",
      "integrity": "sha512-ztTgdrCOQCEMA3NGMpkkEsy/XdWdx/Kbi1MCpfOF2e0tE0webBeO7DGeFF8FDeivJWqKyHg4uPGaVGwQLbacmw==",
      "cpu": [
        "arm64"
      ],
      "optional": true,
      "os": [
        "linux"
      ]
    },
    "node_modules/@slint-ui/slint-ui-binary-linux-x64-gnu": {
      "version": "1.15.0-nightly.2026012717",
      "resolved": "https://registry.npmjs.org/@slint-ui/slint-ui-binary-linux-x64-gnu/-/slint-ui-binary-linux-x64-gnu-1.15.0-nightly.2026012717.tgz",
      "integrity": "sha512-IS6uxskqZa+kRJ5X3dUWyUEmOr+FiLAnDtsX1Yt18oKHTG5ZWfi3vuEmy7lhEillZxg2/J63ycfVkQ+/jFJCxQ==",
      "cpu": [
        "x64"
      ],
      "optional": true,
      "os": [
        "linux"
      ]
    },
    "node_modules/@slint-ui/slint-ui-binary-win32-arm64-msvc": {
      "version": "1.15.0-nightly.2026012717",
      "resolved": "https://registry.npmjs.org/@slint-ui/slint-ui-binary-win32-arm64-msvc/-/slint-ui-binary-win32-arm64-msvc-1.15.0-nightly.2026012717.tgz",
      "integrity": "sha512-PtgnxYwJ18mSXgcyCbNemB2eLLLOSAWurEa7rSoe9nnuFFpX40zYs59hmRfQnkNYvMe+M/eFIk/z1XhI6wCVhg==",
      "cpu": [
        "arm64"
      ],
      "optional": true,
      "os": [
        "win32"
      ]
    },
    "node_modules/@slint-ui/slint-ui-binary-win32-x64-msvc": {
      "version": "1.15.0-nightly.2026012717",
      "resolved": "https://registry.npmjs.org/@slint-ui/slint-ui-binary-win32-x64-msvc/-/slint-ui-binary-win32-x64-msvc-1.15.0-nightly.2026012717.tgz",
      "integrity": "sha512-e2PjWwtoop5YuB8WHFU/FSncaqSUNC1e9UyaPC2klc+ehtNLzfdCheI/8VvgJwOOWGVuNJuyCj3fA/VasRL3cA==",
      "cpu": [
        "x64"
      ],
      "optional": true,
      "os": [
        "win32"
      ]
    },
    "node_modules/@types/bun": {
      "version": "1.3.7",
      "resolved": "https://registry.npmjs.org/@types/bun/-/bun-1.3.7.tgz",
      "integrity": "sha512-lmNuMda+Z9b7tmhA0tohwy8ZWFSnmQm1UDWXtH5r9F7wZCfkeO3Jx7wKQ1EOiKq43yHts7ky6r8SDJQWRNupkA==",
      "dev": true,
      "license": "MIT",
      "dependencies": {
        "bun-types": "1.3.7"
      }
    },
    "node_modules/@types/node": {
      "version": "25.1.0",
      "resolved": "https://registry.npmjs.org/@types/node/-/node-25.1.0.tgz",
      "integrity": "sha512-t7frlewr6+cbx+9Ohpl0NOTKXZNV9xHRmNOvql47BFJKcEG1CxtxlPEEe+gR9uhVWM4DwhnvTF110mIL4yP9RA==",
      "dev": true,
      "license": "MIT",
      "dependencies": {
        "undici-types": "~7.16.0"
      }
    },
    "node_modules/@types/pngjs": {
      "version": "6.0.5",
      "resolved": "https://registry.npmjs.org/@types/pngjs/-/pngjs-6.0.5.tgz",
      "integrity": "sha512-0k5eKfrA83JOZPppLtS2C7OUtyNAl2wKNxfyYl9Q5g9lPkgBl/9hNyAu6HuEH2J4XmIv2znEpkDd0SaZVxW6iQ==",
      "dev": true,
      "license": "MIT",
      "dependencies": {
        "@types/node": "*"
      }
    },
    "node_modules/bun-types": {
      "version": "1.3.7",
      "resolved": "https://registry.npmjs.org/bun-types/-/bun-types-1.3.7.tgz",
      "integrity": "sha512-qyschsA03Qz+gou+apt6HNl6HnI+sJJLL4wLDke4iugsE6584CMupOtTY1n+2YC9nGVrEKUlTs99jjRLKgWnjQ==",
      "dev": true,
      "license": "MIT",
      "dependencies": {
        "@types/node": "*"
      }
    },
    "node_modules/nokhwa-node": {
      "version": "0.1.6",
      "license": "MIT",
      "engines": {
        "node": ">= 10"
      },
      "optionalDependencies": {
        "nokhwa-node-darwin-arm64": "0.1.6",
        "nokhwa-node-darwin-x64": "0.1.6",
        "nokhwa-node-freebsd-x64": "0.1.6",
        "nokhwa-node-linux-arm64-gnu": "0.1.6",
        "nokhwa-node-linux-arm64-musl": "0.1.6",
        "nokhwa-node-linux-x64-gnu": "0.1.6",
        "nokhwa-node-linux-x64-musl": "0.1.6",
        "nokhwa-node-wasm32-wasi": "0.1.6",
        "nokhwa-node-win32-arm64-msvc": "0.1.6",
        "nokhwa-node-win32-ia32-msvc": "0.1.6",
        "nokhwa-node-win32-x64-msvc": "0.1.6"
      }
    },
    "node_modules/nokhwa-node/node_modules/nokhwa-node-darwin-arm64": {
      "optional": true
    },
    "node_modules/nokhwa-node/node_modules/nokhwa-node-darwin-x64": {
      "optional": true
    },
    "node_modules/nokhwa-node/node_modules/nokhwa-node-freebsd-x64": {
      "optional": true
    },
    "node_modules/nokhwa-node/node_modules/nokhwa-node-linux-arm64-gnu": {
      "optional": true
    },
    "node_modules/nokhwa-node/node_modules/nokhwa-node-linux-arm64-musl": {
      "optional": true
    },
    "node_modules/nokhwa-node/node_modules/nokhwa-node-linux-x64-gnu": {
      "optional": true
    },
    "node_modules/nokhwa-node/node_modules/nokhwa-node-linux-x64-musl": {
      "optional": true
    },
    "node_modules/nokhwa-node/node_modules/nokhwa-node-wasm32-wasi": {
      "optional": true
    },
    "node_modules/nokhwa-node/node_modules/nokhwa-node-win32-arm64-msvc": {
      "optional": true
    },
    "node_modules/nokhwa-node/node_modules/nokhwa-node-win32-ia32-msvc": {
      "optional": true
    },
    "node_modules/nokhwa-node/node_modules/nokhwa-node-win32-x64-msvc": {
      "optional": true
    },
    "node_modules/pngjs": {
      "version": "7.0.0",
      "resolved": "https://registry.npmjs.org/pngjs/-/pngjs-7.0.0.tgz",
      "integrity": "sha512-LKWqWJRhstyYo9pGvgor/ivk2w94eSjE3RGVuzLGlr3NmD8bf7RcYGze1mNdEHRP6TRP6rMuDHk5t44hnTRyow==",
      "license": "MIT",
      "engines": {
        "node": ">=14.19.0"
      }
    },
    "node_modules/slint-ui": {
      "version": "1.15.0-nightly.2026012717",
      "resolved": "https://registry.npmjs.org/slint-ui/-/slint-ui-1.15.0-nightly.2026012717.tgz",
      "integrity": "sha512-A3w/9WvaEP1xFdYCCIOc32wRmvKh2YJwhWUA+W1ZenCtRh7Ql/8T49NONeJeUvtRJXUN251AN+2HYsc6rhX6mw==",
      "hasInstallScript": true,
      "license": "SEE LICENSE IN LICENSE.md",
      "dependencies": {
        "@napi-rs/cli": "2.18.4"
      },
      "engines": {
        "node": ">= 10"
      },
      "optionalDependencies": {
        "@slint-ui/slint-ui-binary-darwin-arm64": "1.15.0-nightly.2026012717",
        "@slint-ui/slint-ui-binary-linux-arm64-gnu": "1.15.0-nightly.2026012717",
        "@slint-ui/slint-ui-binary-linux-x64-gnu": "1.15.0-nightly.2026012717",
        "@slint-ui/slint-ui-binary-win32-arm64-msvc": "1.15.0-nightly.2026012717",
        "@slint-ui/slint-ui-binary-win32-x64-msvc": "1.15.0-nightly.2026012717"
      }
    },
    "node_modules/typescript": {
      "version": "5.9.3",
      "license": "Apache-2.0",
      "peer": true,
      "bin": {
        "tsc": "bin/tsc",
        "tsserver": "bin/tsserver"
      },
      "engines": {
        "node": ">=14.17"
      }
    },
    "node_modules/undici-types": {
      "version": "7.16.0",
      "resolved": "https://registry.npmjs.org/undici-types/-/undici-types-7.16.0.tgz",
      "integrity": "sha512-Zz+aZWSj8LE6zoxD+xrjh4VfkIG8Ya6LvYkZqtUQGJPZjYl53ypCaUwWqo7eI0x66KBGeRo+mlBEkMSeSZ38Nw==",
      "dev": true,
      "license": "MIT"
    }
  }
}
